
Microsoft Visual Studio Solution File, Format Version 12.00
# Visual Studio 15
VisualStudioVersion = 15.0.25807.0
MinimumVisualStudioVersion = 10.0.40219.1
Project("{2150E333-8FDC-42A3-9474-1A3956D46DE8}") = "Engine", "Engine", "{F682EDF1-7D1B-4DAA-A693-6BE51B3B559F}"
EndProject
Project("{2150E333-8FDC-42A3-9474-1A3956D46DE8}") = "Games", "Games", "{853D09BB-F9FA-4B30-859F-9DF99897BF91}"
EndProject
Project("{8BC9CEB8-8B4A-11D0-8D11-00A0C91BC942}") = "UE4", "Intermediate\ProjectFiles\UE4.vcxproj", "{414AAD8E-632A-4BEC-9D65-2FB8CA41E8E2}"
EndProject
Project("{8BC9CEB8-8B4A-11D0-8D11-00A0C91BC942}") = "ImsvGraphVis", "Intermediate\ProjectFiles\ImsvGraphVis.vcxproj", "{A516DE38-F907-4EA1-9D2D-1CF328AAC58B}"
EndProject
Global
	GlobalSection(SolutionConfigurationPlatforms) = preSolution
		DebugGame Editor|HTML5 = DebugGame Editor|HTML5
		DebugGame Editor|Win32 = DebugGame Editor|Win32
		DebugGame Editor|Win64 = DebugGame Editor|Win64
		DebugGame|HTML5 = DebugGame|HTML5
		DebugGame|Win32 = DebugGame|Win32
		DebugGame|Win64 = DebugGame|Win64
		Development Editor|HTML5 = Development Editor|HTML5
		Development Editor|Win32 = Development Editor|Win32
		Development Editor|Win64 = Development Editor|Win64
		Development|HTML5 = Development|HTML5
		Development|Win32 = Development|Win32
		Development|Win64 = Development|Win64
		Shipping|HTML5 = Shipping|HTML5
		Shipping|Win32 = Shipping|Win32
		Shipping|Win64 = Shipping|Win64
	EndGlobalSection
	GlobalSection(ProjectConfigurationPlatforms) = postSolution
		{414AAD8E-632A-4BEC-9D65-2FB8CA41E8E2}.DebugGame Editor|HTML5.ActiveCfg = BuiltWithUnrealBuildTool|Win32
		{414AAD8E-632A-4BEC-9D65-2FB8CA41E8E2}.DebugGame Editor|HTML5.Build.0 = BuiltWithUnrealBuildTool|Win32
		{414AAD8E-632A-4BEC-9D65-2FB8CA41E8E2}.DebugGame Editor|Win32.ActiveCfg = BuiltWithUnrealBuildTool|Win32
		{414AAD8E-632A-4BEC-9D65-2FB8CA41E8E2}.DebugGame Editor|Win32.Build.0 = BuiltWithUnrealBuildTool|Win32
		{414AAD8E-632A-4BEC-9D65-2FB8CA41E8E2}.DebugGame Editor|Win64.ActiveCfg = BuiltWithUnrealBuildTool|Win32
		{414AAD8E-632A-4BEC-9D65-2FB8CA41E8E2}.DebugGame Editor|Win64.Build.0 = BuiltWithUnrealBuildTool|Win32
		{414AAD8E-632A-4BEC-9D65-2FB8CA41E8E2}.DebugGame|HTML5.ActiveCfg = BuiltWithUnrealBuildTool|Win32
		{414AAD8E-632A-4BEC-9D65-2FB8CA41E8E2}.DebugGame|HTML5.Build.0 = BuiltWithUnrealBuildTool|Win32
		{414AAD8E-632A-4BEC-9D65-2FB8CA41E8E2}.DebugGame|Win32.ActiveCfg = BuiltWithUnrealBuildTool|Win32
		{414AAD8E-632A-4BEC-9D65-2FB8CA41E8E2}.DebugGame|Win32.Build.0 = BuiltWithUnrealBuildTool|Win32
		{414AAD8E-632A-4BEC-9D65-2FB8CA41E8E2}.DebugGame|Win64.ActiveCfg = BuiltWithUnrealBuildTool|Win32
		{414AAD8E-632A-4BEC-9D65-2FB8CA41E8E2}.DebugGame|Win64.Build.0 = BuiltWithUnrealBuildTool|Win32
		{414AAD8E-632A-4BEC-9D65-2FB8CA41E8E2}.Development Editor|HTML5.ActiveCfg = BuiltWithUnrealBuildTool|Win32
		{414AAD8E-632A-4BEC-9D65-2FB8CA41E8E2}.Development Editor|HTML5.Build.0 = BuiltWithUnrealBuildTool|Win32
		{414AAD8E-632A-4BEC-9D65-2FB8CA41E8E2}.Development Editor|Win32.ActiveCfg = BuiltWithUnrealBuildTool|Win32
		{414AAD8E-632A-4BEC-9D65-2FB8CA41E8E2}.Development Editor|Win32.Build.0 = BuiltWithUnrealBuildTool|Win32
		{414AAD8E-632A-4BEC-9D65-2FB8CA41E8E2}.Development Editor|Win64.ActiveCfg = BuiltWithUnrealBuildTool|Win32
		{414AAD8E-632A-4BEC-9D65-2FB8CA41E8E2}.Development Editor|Win64.Build.0 = BuiltWithUnrealBuildTool|Win32
		{414AAD8E-632A-4BEC-9D65-2FB8CA41E8E2}.Development|HTML5.ActiveCfg = BuiltWithUnrealBuildTool|Win32
		{414AAD8E-632A-4BEC-9D65-2FB8CA41E8E2}.Development|HTML5.Build.0 = BuiltWithUnrealBuildTool|Win32
		{414AAD8E-632A-4BEC-9D65-2FB8CA41E8E2}.Development|Win32.ActiveCfg = BuiltWithUnrealBuildTool|Win32
		{414AAD8E-632A-4BEC-9D65-2FB8CA41E8E2}.Development|Win32.Build.0 = BuiltWithUnrealBuildTool|Win32
		{414AAD8E-632A-4BEC-9D65-2FB8CA41E8E2}.Development|Win64.ActiveCfg = BuiltWithUnrealBuildTool|Win32
		{414AAD8E-632A-4BEC-9D65-2FB8CA41E8E2}.Development|Win64.Build.0 = BuiltWithUnrealBuildTool|Win32
		{414AAD8E-632A-4BEC-9D65-2FB8CA41E8E2}.Shipping|HTML5.ActiveCfg = BuiltWithUnrealBuildTool|Win32
		{414AAD8E-632A-4BEC-9D65-2FB8CA41E8E2}.Shipping|HTML5.Build.0 = BuiltWithUnrealBuildTool|Win32
		{414AAD8E-632A-4BEC-9D65-2FB8CA41E8E2}.Shipping|Win32.ActiveCfg = BuiltWithUnrealBuildTool|Win32
		{414AAD8E-632A-4BEC-9D65-2FB8CA41E8E2}.Shipping|Win32.Build.0 = BuiltWithUnrealBuildTool|Win32
		{414AAD8E-632A-4BEC-9D65-2FB8CA41E8E2}.Shipping|Win64.ActiveCfg = BuiltWithUnrealBuildTool|Win32
		{414AAD8E-632A-4BEC-9D65-2FB8CA41E8E2}.Shipping|Win64.Build.0 = BuiltWithUnrealBuildTool|Win32
		{A516DE38-F907-4EA1-9D2D-1CF328AAC58B}.DebugGame Editor|HTML5.ActiveCfg = HTML5_DebugGame_Editor|Win32
		{A516DE38-F907-4EA1-9D2D-1CF328AAC58B}.DebugGame Editor|Win32.ActiveCfg = DebugGame_Editor|Win32
		{A516DE38-F907-4EA1-9D2D-1CF328AAC58B}.DebugGame Editor|Win64.ActiveCfg = DebugGame_Editor|x64
		{A516DE38-F907-4EA1-9D2D-1CF328AAC58B}.DebugGame Editor|Win64.Build.0 = DebugGame_Editor|x64
		{A516DE38-F907-4EA1-9D2D-1CF328AAC58B}.DebugGame|HTML5.ActiveCfg = HTML5_DebugGame_Game|Win32
		{A516DE38-F907-4EA1-9D2D-1CF328AAC58B}.DebugGame|HTML5.Build.0 = HTML5_DebugGame_Game|Win32
		{A516DE38-F907-4EA1-9D2D-1CF328AAC58B}.DebugGame|Win32.ActiveCfg = DebugGame_Game|Win32
		{A516DE38-F907-4EA1-9D2D-1CF328AAC58B}.DebugGame|Win32.Build.0 = DebugGame_Game|Win32
		{A516DE38-F907-4EA1-9D2D-1CF328AAC58B}.DebugGame|Win64.ActiveCfg = DebugGame_Game|x64
		{A516DE38-F907-4EA1-9D2D-1CF328AAC58B}.DebugGame|Win64.Build.0 = DebugGame_Game|x64
		{A516DE38-F907-4EA1-9D2D-1CF328AAC58B}.Development Editor|HTML5.ActiveCfg = HTML5_Development_Editor|Win32
		{A516DE38-F907-4EA1-9D2D-1CF328AAC58B}.Development Editor|Win32.ActiveCfg = Development_Editor|Win32
		{A516DE38-F907-4EA1-9D2D-1CF328AAC58B}.Development Editor|Win64.ActiveCfg = Development_Editor|x64
		{A516DE38-F907-4EA1-9D2D-1CF328AAC58B}.Development Editor|Win64.Build.0 = Development_Editor|x64
		{A516DE38-F907-4EA1-9D2D-1CF328AAC58B}.Development|HTML5.ActiveCfg = HTML5_Development_Game|Win32
		{A516DE38-F907-4EA1-9D2D-1CF328AAC58B}.Development|HTML5.Build.0 = HTML5_Development_Game|Win32
		{A516DE38-F907-4EA1-9D2D-1CF328AAC58B}.Development|Win32.ActiveCfg = Development_Game|Win32
		{A516DE38-F907-4EA1-9D2D-1CF328AAC58B}.Development|Win32.Build.0 = Development_Game|Win32
		{A516DE38-F907-4EA1-9D2D-1CF328AAC58B}.Development|Win64.ActiveCfg = Development_Game|x64
		{A516DE38-F907-4EA1-9D2D-1CF328AAC58B}.Development|Win64.Build.0 = Development_Game|x64
		{A516DE38-F907-4EA1-9D2D-1CF328AAC58B}.Shipping|HTML5.ActiveCfg = HTML5_Shipping_Game|Win32
		{A516DE38-F907-4EA1-9D2D-1CF328AAC58B}.Shipping|HTML5.Build.0 = HTML5_Shipping_Game|Win32
		{A516DE38-F907-4EA1-9D2D-1CF328AAC58B}.Shipping|Win32.ActiveCfg = Shipping_Game|Win32
		{A516DE38-F907-4EA1-9D2D-1CF328AAC58B}.Shipping|Win32.Build.0 = Shipping_Game|Win32
		{A516DE38-F907-4EA1-9D2D-1CF328AAC58B}.Shipping|Win64.ActiveCfg = Shipping_Game|x64
		{A516DE38-F907-4EA1-9D2D-1CF328AAC58B}.Shipping|Win64.Build.0 = Shipping_Game|x64
	EndGlobalSection
	GlobalSection(SolutionProperties) = preSolution
		HideSolutionNode = FALSE
	EndGlobalSection
	GlobalSection(NestedProjects) = preSolution
		{414AAD8E-632A-4BEC-9D65-2FB8CA41E8E2} = {F682EDF1-7D1B-4DAA-A693-6BE51B3B559F}
		{A516DE38-F907-4EA1-9D2D-1CF328AAC58B} = {853D09BB-F9FA-4B30-859F-9DF99897BF91}
	EndGlobalSection
	GlobalSection(ExtensibilityGlobals) = postSolution
		SolutionGuid = {8CFEDB17-8733-4E1A-AA72-4FF759C654D3}
	EndGlobalSection
EndGlobal
